
Microsoft Visual Studio Solution File, Format Version 12.00
# Visual Studio Version 17
VisualStudioVersion = 17.6.33723.286
MinimumVisualStudioVersion = 10.0.40219.1
Project("{2150E333-8FDC-42A3-9474-1A3956D46DE8}") = "Src", "Src", "{285F544D-AFEB-462A-AF9F-4FB3C557499D}"
EndProject
Project("{FAE04EC0-301F-11D3-BF4B-00C04F79EFBC}") = "Blogic.Crm.Web", "src\Blogic.Crm.Web\Blogic.Crm.Web.csproj", "{0EDF653D-2F14-4730-8372-144297381FD1}"
EndProject
Project("{FAE04EC0-301F-11D3-BF4B-00C04F79EFBC}") = "Blogic.Crm.Domain", "src\Blogic.Crm.Domain\Blogic.Crm.Domain.csproj", "{0AD8227C-7EF2-4ABE-B326-7A838E745E06}"
EndProject
Project("{FAE04EC0-301F-11D3-BF4B-00C04F79EFBC}") = "Blogic.Crm.Infrastructure", "src\Blogic.Crm.Infrastructure\Blogic.Crm.Infrastructure.csproj", "{D747C069-CF26-4842-8533-421BAE833EA0}"
EndProject
Project("{2150E333-8FDC-42A3-9474-1A3956D46DE8}") = "Tests", "Tests", "{7AC9B6A7-2207-4509-84FD-D92974176867}"
EndProject
Project("{FAE04EC0-301F-11D3-BF4B-00C04F79EFBC}") = "Blogic.Crm.Infrastructure.UnitTests", "Blogic.Crm.Infrastructure.UnitTests\Blogic.Crm.Infrastructure.UnitTests.csproj", "{9FB08EA4-239B-4837-8DDD-D852816BCEDB}"
EndProject
Global
	GlobalSection(SolutionConfigurationPlatforms) = preSolution
		Debug|Any CPU = Debug|Any CPU
		Release|Any CPU = Release|Any CPU
	EndGlobalSection
	GlobalSection(ProjectConfigurationPlatforms) = postSolution
		{0EDF653D-2F14-4730-8372-144297381FD1}.Debug|Any CPU.ActiveCfg = Debug|Any CPU
		{0EDF653D-2F14-4730-8372-144297381FD1}.Debug|Any CPU.Build.0 = Debug|Any CPU
		{0EDF653D-2F14-4730-8372-144297381FD1}.Release|Any CPU.ActiveCfg = Release|Any CPU
		{0EDF653D-2F14-4730-8372-144297381FD1}.Release|Any CPU.Build.0 = Release|Any CPU
		{0AD8227C-7EF2-4ABE-B326-7A838E745E06}.Debug|Any CPU.ActiveCfg = Debug|Any CPU
		{0AD8227C-7EF2-4ABE-B326-7A838E745E06}.Debug|Any CPU.Build.0 = Debug|Any CPU
		{0AD8227C-7EF2-4ABE-B326-7A838E745E06}.Release|Any CPU.ActiveCfg = Release|Any CPU
		{0AD8227C-7EF2-4ABE-B326-7A838E745E06}.Release|Any CPU.Build.0 = Release|Any CPU
		{D747C069-CF26-4842-8533-421BAE833EA0}.Debug|Any CPU.ActiveCfg = Debug|Any CPU
		{D747C069-CF26-4842-8533-421BAE833EA0}.Debug|Any CPU.Build.0 = Debug|Any CPU
		{D747C069-CF26-4842-8533-421BAE833EA0}.Release|Any CPU.ActiveCfg = Release|Any CPU
		{D747C069-CF26-4842-8533-421BAE833EA0}.Release|Any CPU.Build.0 = Release|Any CPU
		{9FB08EA4-239B-4837-8DDD-D852816BCEDB}.Debug|Any CPU.ActiveCfg = Debug|Any CPU
		{9FB08EA4-239B-4837-8DDD-D852816BCEDB}.Debug|Any CPU.Build.0 = Debug|Any CPU
		{9FB08EA4-239B-4837-8DDD-D852816BCEDB}.Release|Any CPU.ActiveCfg = Release|Any CPU
		{9FB08EA4-239B-4837-8DDD-D852816BCEDB}.Release|Any CPU.Build.0 = Release|Any CPU
	EndGlobalSection
	GlobalSection(SolutionProperties) = preSolution
		HideSolutionNode = FALSE
	EndGlobalSection
	GlobalSection(NestedProjects) = preSolution
		{0EDF653D-2F14-4730-8372-144297381FD1} = {285F544D-AFEB-462A-AF9F-4FB3C557499D}
		{0AD8227C-7EF2-4ABE-B326-7A838E745E06} = {285F544D-AFEB-462A-AF9F-4FB3C557499D}
		{D747C069-CF26-4842-8533-421BAE833EA0} = {285F544D-AFEB-462A-AF9F-4FB3C557499D}
		{9FB08EA4-239B-4837-8DDD-D852816BCEDB} = {7AC9B6A7-2207-4509-84FD-D92974176867}
	EndGlobalSection
	GlobalSection(ExtensibilityGlobals) = postSolution
		SolutionGuid = {8B77256B-EA08-4BCD-BDB9-807C23DE903C}
	EndGlobalSection
EndGlobal
